
Microsoft Visual Studio Solution File, Format Version 12.00
Project("{FAE04EC0-301F-11D3-BF4B-00C04F79EFBC}") = "Arrowgene.ENet", "Arrowgene.ENet\Arrowgene.ENet.csproj", "{0802D726-4CB8-4F64-9ABE-37258460C819}"
EndProject
Project("{FAE04EC0-301F-11D3-BF4B-00C04F79EFBC}") = "Arrowgene.ENet.Playground", "Arrowgene.ENet.Playground\Arrowgene.ENet.Playground.csproj", "{A2D2C811-B432-4EFC-A4B2-7F23DDA5F173}"
EndProject
Global
	GlobalSection(SolutionConfigurationPlatforms) = preSolution
		Debug|Any CPU = Debug|Any CPU
		Release|Any CPU = Release|Any CPU
	EndGlobalSection
	GlobalSection(ProjectConfigurationPlatforms) = postSolution
		{0802D726-4CB8-4F64-9ABE-37258460C819}.Debug|Any CPU.ActiveCfg = Debug|Any CPU
		{0802D726-4CB8-4F64-9ABE-37258460C819}.Debug|Any CPU.Build.0 = Debug|Any CPU
		{0802D726-4CB8-4F64-9ABE-37258460C819}.Release|Any CPU.ActiveCfg = Release|Any CPU
		{0802D726-4CB8-4F64-9ABE-37258460C819}.Release|Any CPU.Build.0 = Release|Any CPU
		{A2D2C811-B432-4EFC-A4B2-7F23DDA5F173}.Debug|Any CPU.ActiveCfg = Debug|Any CPU
		{A2D2C811-B432-4EFC-A4B2-7F23DDA5F173}.Debug|Any CPU.Build.0 = Debug|Any CPU
		{A2D2C811-B432-4EFC-A4B2-7F23DDA5F173}.Release|Any CPU.ActiveCfg = Release|Any CPU
		{A2D2C811-B432-4EFC-A4B2-7F23DDA5F173}.Release|Any CPU.Build.0 = Release|Any CPU
	EndGlobalSection
EndGlobal
